
Microsoft Visual Studio Solution File, Format Version 12.00
# Visual Studio 15
VisualStudioVersion = 15.0.28010.2041
MinimumVisualStudioVersion = 10.0.40219.1
Project("{FAE04EC0-301F-11D3-BF4B-00C04F79EFBC}") = "WpfApp1", "WpfApp1\WpfApp1.csproj", "{DDDA63F5-806D-4497-8492-65BEB98A134C}"
EndProject
Global
	GlobalSection(SolutionConfigurationPlatforms) = preSolution
		64test|Any CPU = 64test|Any CPU
		64test|x64 = 64test|x64
		Debug|Any CPU = Debug|Any CPU
		Debug|x64 = Debug|x64
		Release|Any CPU = Release|Any CPU
		Release|x64 = Release|x64
	EndGlobalSection
	GlobalSection(ProjectConfigurationPlatforms) = postSolution
		{DDDA63F5-806D-4497-8492-65BEB98A134C}.64test|Any CPU.ActiveCfg = 64test|Any CPU
		{DDDA63F5-806D-4497-8492-65BEB98A134C}.64test|Any CPU.Build.0 = 64test|Any CPU
		{DDDA63F5-806D-4497-8492-65BEB98A134C}.64test|x64.ActiveCfg = 64test|x64
		{DDDA63F5-806D-4497-8492-65BEB98A134C}.64test|x64.Build.0 = 64test|x64
		{DDDA63F5-806D-4497-8492-65BEB98A134C}.Debug|Any CPU.ActiveCfg = Debug|Any CPU
		{DDDA63F5-806D-4497-8492-65BEB98A134C}.Debug|Any CPU.Build.0 = Debug|Any CPU
		{DDDA63F5-806D-4497-8492-65BEB98A134C}.Debug|x64.ActiveCfg = Debug|x64
		{DDDA63F5-806D-4497-8492-65BEB98A134C}.Debug|x64.Build.0 = Debug|x64
		{DDDA63F5-806D-4497-8492-65BEB98A134C}.Release|Any CPU.ActiveCfg = Release|Any CPU
		{DDDA63F5-806D-4497-8492-65BEB98A134C}.Release|Any CPU.Build.0 = Release|Any CPU
		{DDDA63F5-806D-4497-8492-65BEB98A134C}.Release|x64.ActiveCfg = Release|x64
		{DDDA63F5-806D-4497-8492-65BEB98A134C}.Release|x64.Build.0 = Release|x64
	EndGlobalSection
	GlobalSection(SolutionProperties) = preSolution
		HideSolutionNode = FALSE
	EndGlobalSection
	GlobalSection(ExtensibilityGlobals) = postSolution
		SolutionGuid = {FC8C1713-0340-4F7D-87E2-4BAD55958431}
	EndGlobalSection
EndGlobal
